// !$*UTF8*$!
{
	archiveVersion = 1;
	classes = {};
	objectVersion = 56;
	objects = {

/* Begin PBXBuildFile section */
		B00000000000000000000001 /* SundriesApp.swift in Sources */ = {isa = PBXBuildFile; fileRef = A00000000000000000000001 /* SundriesApp.swift */; };
		B00000000000000000000002 /* TaskItem.swift in Sources */ = {isa = PBXBuildFile; fileRef = A00000000000000000000002 /* TaskItem.swift */; };
		B00000000000000000000003 /* TaskSource.swift in Sources */ = {isa = PBXBuildFile; fileRef = A00000000000000000000003 /* TaskSource.swift */; };
		B00000000000000000000004 /* TaskDraftParser.swift in Sources */ = {isa = PBXBuildFile; fileRef = A00000000000000000000004 /* TaskDraftParser.swift */; };
		B00000000000000000000005 /* TaskSourceAdapter.swift in Sources */ = {isa = PBXBuildFile; fileRef = A00000000000000000000005 /* TaskSourceAdapter.swift */; };
		B00000000000000000000006 /* TaskStore.swift in Sources */ = {isa = PBXBuildFile; fileRef = A00000000000000000000006 /* TaskStore.swift */; };
		B00000000000000000000007 /* MenuBarContentView.swift in Sources */ = {isa = PBXBuildFile; fileRef = A00000000000000000000007 /* MenuBarContentView.swift */; };
		B00000000000000000000008 /* TaskListView.swift in Sources */ = {isa = PBXBuildFile; fileRef = A00000000000000000000008 /* TaskListView.swift */; };
		B00000000000000000000009 /* TaskRowView.swift in Sources */ = {isa = PBXBuildFile; fileRef = A00000000000000000000009 /* TaskRowView.swift */; };
		B0000000000000000000000A /* SettingsView.swift in Sources */ = {isa = PBXBuildFile; fileRef = A0000000000000000000000A /* SettingsView.swift */; };
		B0000000000000000000000B /* MarkdownFolderBookmark.swift in Sources */ = {isa = PBXBuildFile; fileRef = A0000000000000000000000D /* MarkdownFolderBookmark.swift */; };
		B0000000000000000000000C /* MarkdownTaskSource.swift in Sources */ = {isa = PBXBuildFile; fileRef = A0000000000000000000000E /* MarkdownTaskSource.swift */; };
		B0000000000000000000000D /* DrawerMotion.swift in Sources */ = {isa = PBXBuildFile; fileRef = A0000000000000000000000F /* DrawerMotion.swift */; };
/* End PBXBuildFile section */

/* Begin PBXFileReference section */
		A00000000000000000000001 /* SundriesApp.swift */ = {isa = PBXFileReference; lastKnownFileType = sourcecode.swift; path = SundriesApp.swift; sourceTree = "<group>"; };
		A00000000000000000000002 /* TaskItem.swift */ = {isa = PBXFileReference; lastKnownFileType = sourcecode.swift; path = TaskItem.swift; sourceTree = "<group>"; };
		A00000000000000000000003 /* TaskSource.swift */ = {isa = PBXFileReference; lastKnownFileType = sourcecode.swift; path = TaskSource.swift; sourceTree = "<group>"; };
		A00000000000000000000004 /* TaskDraftParser.swift */ = {isa = PBXFileReference; lastKnownFileType = sourcecode.swift; path = TaskDraftParser.swift; sourceTree = "<group>"; };
		A00000000000000000000005 /* TaskSourceAdapter.swift */ = {isa = PBXFileReference; lastKnownFileType = sourcecode.swift; path = TaskSourceAdapter.swift; sourceTree = "<group>"; };
		A00000000000000000000006 /* TaskStore.swift */ = {isa = PBXFileReference; lastKnownFileType = sourcecode.swift; path = TaskStore.swift; sourceTree = "<group>"; };
		A00000000000000000000007 /* MenuBarContentView.swift */ = {isa = PBXFileReference; lastKnownFileType = sourcecode.swift; path = MenuBarContentView.swift; sourceTree = "<group>"; };
		A00000000000000000000008 /* TaskListView.swift */ = {isa = PBXFileReference; lastKnownFileType = sourcecode.swift; path = TaskListView.swift; sourceTree = "<group>"; };
		A00000000000000000000009 /* TaskRowView.swift */ = {isa = PBXFileReference; lastKnownFileType = sourcecode.swift; path = TaskRowView.swift; sourceTree = "<group>"; };
		A0000000000000000000000A /* SettingsView.swift */ = {isa = PBXFileReference; lastKnownFileType = sourcecode.swift; path = SettingsView.swift; sourceTree = "<group>"; };
		A0000000000000000000000B /* Sundries.entitlements */ = {isa = PBXFileReference; lastKnownFileType = text.plist.entitlements; path = Sundries.entitlements; sourceTree = "<group>"; };
		A0000000000000000000000C /* Sundries.app */ = {isa = PBXFileReference; explicitFileType = wrapper.application; includeInIndex = 0; path = Sundries.app; sourceTree = BUILT_PRODUCTS_DIR; };
		A0000000000000000000000D /* MarkdownFolderBookmark.swift */ = {isa = PBXFileReference; lastKnownFileType = sourcecode.swift; path = MarkdownFolderBookmark.swift; sourceTree = "<group>"; };
		A0000000000000000000000E /* MarkdownTaskSource.swift */ = {isa = PBXFileReference; lastKnownFileType = sourcecode.swift; path = MarkdownTaskSource.swift; sourceTree = "<group>"; };
		A0000000000000000000000F /* DrawerMotion.swift */ = {isa = PBXFileReference; lastKnownFileType = sourcecode.swift; path = DrawerMotion.swift; sourceTree = "<group>"; };
/* End PBXFileReference section */

/* Begin PBXFrameworksBuildPhase section */
		G00000000000000000000002 /* Frameworks */ = {
			isa = PBXFrameworksBuildPhase;
			buildActionMask = 2147483647;
			files = ();
			runOnlyForDeploymentPostprocessing = 0;
		};
/* End PBXFrameworksBuildPhase section */

/* Begin PBXGroup section */
		C00000000000000000000001 = {
			isa = PBXGroup;
			children = (
				C00000000000000000000002 /* Sundries */,
				C00000000000000000000007 /* Products */,
			);
			sourceTree = "<group>";
		};
		C00000000000000000000002 /* Sundries */ = {
			isa = PBXGroup;
			children = (
				A00000000000000000000001 /* SundriesApp.swift */,
				C00000000000000000000003 /* Models */,
				C00000000000000000000004 /* Services */,
				C00000000000000000000005 /* Store */,
				C00000000000000000000006 /* Views */,
				A0000000000000000000000B /* Sundries.entitlements */,
			);
			path = Sundries;
			sourceTree = "<group>";
		};
		C00000000000000000000003 /* Models */ = {
			isa = PBXGroup;
			children = (
				A00000000000000000000002 /* TaskItem.swift */,
				A00000000000000000000003 /* TaskSource.swift */,
			);
			path = Models;
			sourceTree = "<group>";
		};
		C00000000000000000000004 /* Services */ = {
			isa = PBXGroup;
			children = (
				A0000000000000000000000D /* MarkdownFolderBookmark.swift */,
				A0000000000000000000000E /* MarkdownTaskSource.swift */,
				A00000000000000000000004 /* TaskDraftParser.swift */,
				A00000000000000000000005 /* TaskSourceAdapter.swift */,
			);
			path = Services;
			sourceTree = "<group>";
		};
		C00000000000000000000005 /* Store */ = {
			isa = PBXGroup;
			children = (
				A00000000000000000000006 /* TaskStore.swift */,
			);
			path = Store;
			sourceTree = "<group>";
		};
		C00000000000000000000006 /* Views */ = {
			isa = PBXGroup;
			children = (
				A0000000000000000000000F /* DrawerMotion.swift */,
				A00000000000000000000007 /* MenuBarContentView.swift */,
				A00000000000000000000008 /* TaskListView.swift */,
				A00000000000000000000009 /* TaskRowView.swift */,
				A0000000000000000000000A /* SettingsView.swift */,
			);
			path = Views;
			sourceTree = "<group>";
		};
		C00000000000000000000007 /* Products */ = {
			isa = PBXGroup;
			children = (
				A0000000000000000000000C /* Sundries.app */,
			);
			name = Products;
			sourceTree = "<group>";
		};
/* End PBXGroup section */

/* Begin PBXNativeTarget section */
		E00000000000000000000001 /* Sundries */ = {
			isa = PBXNativeTarget;
			buildConfigurationList = F00000000000000000000003 /* Build configuration list for PBXNativeTarget "Sundries" */;
			buildPhases = (
				G00000000000000000000001 /* Sources */,
				G00000000000000000000002 /* Frameworks */,
				G00000000000000000000003 /* Resources */,
			);
			buildRules = ();
			dependencies = ();
			name = Sundries;
			productName = Sundries;
			productReference = A0000000000000000000000C /* Sundries.app */;
			productType = "com.apple.product-type.application";
		};
/* End PBXNativeTarget section */

/* Begin PBXProject section */
		D00000000000000000000001 /* Project object */ = {
			isa = PBXProject;
			attributes = {
				BuildIndependentTargetsInParallel = 1;
				LastSwiftUpdateCheck = 2700;
				LastUpgradeCheck = 2700;
				TargetAttributes = {
					E00000000000000000000001 = {
						CreatedOnToolsVersion = 27.0;
					};
				};
			};
			buildConfigurationList = F00000000000000000000001 /* Build configuration list for PBXProject "Sundries" */;
			compatibilityVersion = "Xcode 14.0";
			developmentRegion = en;
			hasScannedForEncodings = 0;
			knownRegions = (en, Base);
			mainGroup = C00000000000000000000001;
			productRefGroup = C00000000000000000000007 /* Products */;
			projectDirPath = "";
			projectRoot = "";
			targets = (E00000000000000000000001 /* Sundries */);
		};
/* End PBXProject section */

/* Begin PBXResourcesBuildPhase section */
		G00000000000000000000003 /* Resources */ = {
			isa = PBXResourcesBuildPhase;
			buildActionMask = 2147483647;
			files = ();
			runOnlyForDeploymentPostprocessing = 0;
		};
/* End PBXResourcesBuildPhase section */

/* Begin PBXSourcesBuildPhase section */
		G00000000000000000000001 /* Sources */ = {
			isa = PBXSourcesBuildPhase;
			buildActionMask = 2147483647;
			files = (
				B00000000000000000000001 /* SundriesApp.swift in Sources */,
				B00000000000000000000002 /* TaskItem.swift in Sources */,
				B00000000000000000000003 /* TaskSource.swift in Sources */,
				B00000000000000000000004 /* TaskDraftParser.swift in Sources */,
				B00000000000000000000005 /* TaskSourceAdapter.swift in Sources */,
				B00000000000000000000006 /* TaskStore.swift in Sources */,
				B00000000000000000000007 /* MenuBarContentView.swift in Sources */,
				B00000000000000000000008 /* TaskListView.swift in Sources */,
				B00000000000000000000009 /* TaskRowView.swift in Sources */,
				B0000000000000000000000A /* SettingsView.swift in Sources */,
				B0000000000000000000000B /* MarkdownFolderBookmark.swift in Sources */,
				B0000000000000000000000C /* MarkdownTaskSource.swift in Sources */,
				B0000000000000000000000D /* DrawerMotion.swift in Sources */,
			);
			runOnlyForDeploymentPostprocessing = 0;
		};
/* End PBXSourcesBuildPhase section */

/* Begin XCBuildConfiguration section */
		F00000000000000000000004 /* Debug */ = {
			isa = XCBuildConfiguration;
			buildSettings = {
				ALWAYS_SEARCH_USER_PATHS = NO;
				CLANG_CXX_LANGUAGE_STANDARD = "gnu++20";
				CLANG_ENABLE_MODULES = YES;
				CLANG_ENABLE_OBJC_ARC = YES;
				CLANG_WARN_BOOL_CONVERSION = YES;
				CLANG_WARN_COMMA = YES;
				CLANG_WARN_CONSTANT_CONVERSION = YES;
				CLANG_WARN_DEPRECATED_OBJC_IMPLEMENTATIONS = YES;
				CLANG_WARN_DIRECT_OBJC_ISA_USAGE = YES_ERROR;
				CLANG_WARN_DOCUMENTATION_COMMENTS = YES;
				CLANG_WARN_EMPTY_BODY = YES;
				CLANG_WARN_ENUM_CONVERSION = YES;
				CLANG_WARN_INFINITE_RECURSION = YES;
				CLANG_WARN_INT_CONVERSION = YES;
				CLANG_WARN_NON_LITERAL_NULL_CONVERSION = YES;
				CLANG_WARN_OBJC_IMPLICIT_RETAIN_SELF = YES;
				CLANG_WARN_OBJC_LITERAL_CONVERSION = YES;
				CLANG_WARN_RANGE_LOOP_ANALYSIS = YES;
				CLANG_WARN_STRICT_PROTOTYPES = YES;
				CLANG_WARN_SUSPICIOUS_MOVE = YES;
				CLANG_WARN_UNGUARDED_AVAILABILITY = YES_AGGRESSIVE;
				CLANG_WARN_UNREACHABLE_CODE = YES;
				CLANG_WARN__DUPLICATE_METHOD_MATCH = YES;
				COPY_PHASE_STRIP = NO;
				DEBUG_INFORMATION_FORMAT = dwarf;
				ENABLE_TESTABILITY = YES;
				GCC_C_LANGUAGE_STANDARD = gnu17;
				GCC_NO_COMMON_BLOCKS = YES;
				GCC_OPTIMIZATION_LEVEL = 0;
				GCC_PREPROCESSOR_DEFINITIONS = ("DEBUG=1", "$(inherited)");
				GCC_WARN_64_TO_32_BIT_CONVERSION = YES;
				GCC_WARN_ABOUT_RETURN_TYPE = YES_ERROR;
				GCC_WARN_UNDECLARED_SELECTOR = YES;
				GCC_WARN_UNINITIALIZED_AUTOS = YES_AGGRESSIVE;
				GCC_WARN_UNUSED_FUNCTION = YES;
				GCC_WARN_UNUSED_VARIABLE = YES;
				LOCALIZATION_PREFERS_STRING_CATALOGS = YES;
				MACOSX_DEPLOYMENT_TARGET = 26.0;
				MTL_ENABLE_DEBUG_INFO = INCLUDE_SOURCE;
				MTL_FAST_MATH = YES;
				ONLY_ACTIVE_ARCH = YES;
				SDKROOT = macosx;
				SWIFT_ACTIVE_COMPILATION_CONDITIONS = "DEBUG $(inherited)";
				SWIFT_OPTIMIZATION_LEVEL = "-Onone";
			};
			name = Debug;
		};
		F00000000000000000000005 /* Release */ = {
			isa = XCBuildConfiguration;
			buildSettings = {
				ALWAYS_SEARCH_USER_PATHS = NO;
				CLANG_CXX_LANGUAGE_STANDARD = "gnu++20";
				CLANG_ENABLE_MODULES = YES;
				CLANG_ENABLE_OBJC_ARC = YES;
				CLANG_WARN_BOOL_CONVERSION = YES;
				CLANG_WARN_COMMA = YES;
				CLANG_WARN_CONSTANT_CONVERSION = YES;
				CLANG_WARN_DEPRECATED_OBJC_IMPLEMENTATIONS = YES;
				CLANG_WARN_DIRECT_OBJC_ISA_USAGE = YES_ERROR;
				CLANG_WARN_DOCUMENTATION_COMMENTS = YES;
				CLANG_WARN_EMPTY_BODY = YES;
				CLANG_WARN_ENUM_CONVERSION = YES;
				CLANG_WARN_INFINITE_RECURSION = YES;
				CLANG_WARN_INT_CONVERSION = YES;
				CLANG_WARN_NON_LITERAL_NULL_CONVERSION = YES;
				CLANG_WARN_OBJC_IMPLICIT_RETAIN_SELF = YES;
				CLANG_WARN_OBJC_LITERAL_CONVERSION = YES;
				CLANG_WARN_RANGE_LOOP_ANALYSIS = YES;
				CLANG_WARN_STRICT_PROTOTYPES = YES;
				CLANG_WARN_SUSPICIOUS_MOVE = YES;
				CLANG_WARN_UNGUARDED_AVAILABILITY = YES_AGGRESSIVE;
				CLANG_WARN_UNREACHABLE_CODE = YES;
				CLANG_WARN__DUPLICATE_METHOD_MATCH = YES;
				COPY_PHASE_STRIP = NO;
				DEBUG_INFORMATION_FORMAT = "dwarf-with-dsym";
				ENABLE_NS_ASSERTIONS = NO;
				GCC_C_LANGUAGE_STANDARD = gnu17;
				GCC_NO_COMMON_BLOCKS = YES;
				GCC_WARN_64_TO_32_BIT_CONVERSION = YES;
				GCC_WARN_ABOUT_RETURN_TYPE = YES_ERROR;
				GCC_WARN_UNDECLARED_SELECTOR = YES;
				GCC_WARN_UNINITIALIZED_AUTOS = YES_AGGRESSIVE;
				GCC_WARN_UNUSED_FUNCTION = YES;
				GCC_WARN_UNUSED_VARIABLE = YES;
				LOCALIZATION_PREFERS_STRING_CATALOGS = YES;
				MACOSX_DEPLOYMENT_TARGET = 26.0;
				MTL_ENABLE_DEBUG_INFO = NO;
				MTL_FAST_MATH = YES;
				SDKROOT = macosx;
				SWIFT_COMPILATION_MODE = wholemodule;
			};
			name = Release;
		};
		F00000000000000000000006 /* Debug */ = {
			isa = XCBuildConfiguration;
			buildSettings = {
				CODE_SIGN_ENTITLEMENTS = Sundries/Sundries.entitlements;
				CODE_SIGN_STYLE = Automatic;
				CURRENT_PROJECT_VERSION = 1;
				DEAD_CODE_STRIPPING = YES;
				ENABLE_APP_SANDBOX = YES;
				ENABLE_HARDENED_RUNTIME = YES;
				GENERATE_INFOPLIST_FILE = YES;
				INFOPLIST_KEY_LSApplicationCategoryType = "public.app-category.productivity";
				INFOPLIST_KEY_LSUIElement = YES;
				LD_RUNPATH_SEARCH_PATHS = ("$(inherited)", "@executable_path/../Frameworks");
				MARKETING_VERSION = 0.1.0;
				PRODUCT_BUNDLE_IDENTIFIER = com.manik.Sundries;
				PRODUCT_NAME = "$(TARGET_NAME)";
				SWIFT_EMIT_LOC_STRINGS = YES;
				SWIFT_STRICT_CONCURRENCY = complete;
				SWIFT_VERSION = 6.0;
			};
			name = Debug;
		};
		F00000000000000000000007 /* Release */ = {
			isa = XCBuildConfiguration;
			buildSettings = {
				CODE_SIGN_ENTITLEMENTS = Sundries/Sundries.entitlements;
				CODE_SIGN_STYLE = Automatic;
				CURRENT_PROJECT_VERSION = 1;
				DEAD_CODE_STRIPPING = YES;
				ENABLE_APP_SANDBOX = YES;
				ENABLE_HARDENED_RUNTIME = YES;
				GENERATE_INFOPLIST_FILE = YES;
				INFOPLIST_KEY_LSApplicationCategoryType = "public.app-category.productivity";
				INFOPLIST_KEY_LSUIElement = YES;
				LD_RUNPATH_SEARCH_PATHS = ("$(inherited)", "@executable_path/../Frameworks");
				MARKETING_VERSION = 0.1.0;
				PRODUCT_BUNDLE_IDENTIFIER = com.manik.Sundries;
				PRODUCT_NAME = "$(TARGET_NAME)";
				SWIFT_EMIT_LOC_STRINGS = YES;
				SWIFT_STRICT_CONCURRENCY = complete;
				SWIFT_VERSION = 6.0;
			};
			name = Release;
		};
/* End XCBuildConfiguration section */

/* Begin XCConfigurationList section */
		F00000000000000000000001 /* Build configuration list for PBXProject "Sundries" */ = {
			isa = XCConfigurationList;
			buildConfigurations = (
				F00000000000000000000004 /* Debug */,
				F00000000000000000000005 /* Release */,
			);
			defaultConfigurationIsVisible = 0;
			defaultConfigurationName = Release;
		};
		F00000000000000000000003 /* Build configuration list for PBXNativeTarget "Sundries" */ = {
			isa = XCConfigurationList;
			buildConfigurations = (
				F00000000000000000000006 /* Debug */,
				F00000000000000000000007 /* Release */,
			);
			defaultConfigurationIsVisible = 0;
			defaultConfigurationName = Release;
		};
/* End XCConfigurationList section */
	};
	rootObject = D00000000000000000000001 /* Project object */;
}
